
Microsoft Visual Studio Solution File, Format Version 12.00
# Visual Studio Version 16
VisualStudioVersion = 16.0.29424.173
MinimumVisualStudioVersion = 10.0.40219.1
Project("{FAE04EC0-301F-11D3-BF4B-00C04F79EFBC}") = "WorkerServiceSignalR", "WorkerServiceSignalR\WorkerServiceSignalR.csproj", "{F332F905-D5FE-4870-8938-01528A7E61D8}"
EndProject
Global
	GlobalSection(SolutionConfigurationPlatforms) = preSolution
		Debug|Any CPU = Debug|Any CPU
		Release|Any CPU = Release|Any CPU
	EndGlobalSection
	GlobalSection(ProjectConfigurationPlatforms) = postSolution
		{F332F905-D5FE-4870-8938-01528A7E61D8}.Debug|Any CPU.ActiveCfg = Debug|Any CPU
		{F332F905-D5FE-4870-8938-01528A7E61D8}.Debug|Any CPU.Build.0 = Debug|Any CPU
		{F332F905-D5FE-4870-8938-01528A7E61D8}.Release|Any CPU.ActiveCfg = Release|Any CPU
		{F332F905-D5FE-4870-8938-01528A7E61D8}.Release|Any CPU.Build.0 = Release|Any CPU
	EndGlobalSection
	GlobalSection(SolutionProperties) = preSolution
		HideSolutionNode = FALSE
	EndGlobalSection
	GlobalSection(ExtensibilityGlobals) = postSolution
		SolutionGuid = {DD65C890-90F0-4702-837C-FF37930923EC}
	EndGlobalSection
EndGlobal
